
Microsoft Visual Studio Solution File, Format Version 12.00
# Visual Studio Version 16
VisualStudioVersion = 16.0.30002.166
MinimumVisualStudioVersion = 10.0.40219.1
Project("{9A19103F-16F7-4668-BE54-9A1E7A4F7556}") = "Bank.Tests", "Bank.Tests\Bank.Tests.csproj", "{AD4AAA75-9F64-4C4B-9EFC-B29F030DA397}"
EndProject
Project("{9A19103F-16F7-4668-BE54-9A1E7A4F7556}") = "Bank.Web", "Bank.Web\Bank.Web.csproj", "{52182A79-B666-4578-8DD4-B3CCE5995095}"
EndProject
Project("{9A19103F-16F7-4668-BE54-9A1E7A4F7556}") = "Bank.Data", "Bank.Data\Bank.Data.csproj", "{0431B8EB-6BFE-45BA-9F0B-B7C658FE7287}"
EndProject
Project("{9A19103F-16F7-4668-BE54-9A1E7A4F7556}") = "Bank.SetUpSearch", "Bank.SetUpSearch\Bank.SetUpSearch.csproj", "{7C287E95-2F7D-484D-9492-B60B45229516}"
EndProject
Project("{FAE04EC0-301F-11D3-BF4B-00C04F79EFBC}") = "Bank.Search", "Bank.Search\Bank.Search.csproj", "{486A8E2D-939E-42FC-A298-4F368EF453CF}"
EndProject
Global
	GlobalSection(SolutionConfigurationPlatforms) = preSolution
		Debug|Any CPU = Debug|Any CPU
		Release|Any CPU = Release|Any CPU
	EndGlobalSection
	GlobalSection(ProjectConfigurationPlatforms) = postSolution
		{AD4AAA75-9F64-4C4B-9EFC-B29F030DA397}.Debug|Any CPU.ActiveCfg = Debug|Any CPU
		{AD4AAA75-9F64-4C4B-9EFC-B29F030DA397}.Debug|Any CPU.Build.0 = Debug|Any CPU
		{AD4AAA75-9F64-4C4B-9EFC-B29F030DA397}.Release|Any CPU.ActiveCfg = Release|Any CPU
		{AD4AAA75-9F64-4C4B-9EFC-B29F030DA397}.Release|Any CPU.Build.0 = Release|Any CPU
		{52182A79-B666-4578-8DD4-B3CCE5995095}.Debug|Any CPU.ActiveCfg = Debug|Any CPU
		{52182A79-B666-4578-8DD4-B3CCE5995095}.Debug|Any CPU.Build.0 = Debug|Any CPU
		{52182A79-B666-4578-8DD4-B3CCE5995095}.Release|Any CPU.ActiveCfg = Release|Any CPU
		{52182A79-B666-4578-8DD4-B3CCE5995095}.Release|Any CPU.Build.0 = Release|Any CPU
		{0431B8EB-6BFE-45BA-9F0B-B7C658FE7287}.Debug|Any CPU.ActiveCfg = Debug|Any CPU
		{0431B8EB-6BFE-45BA-9F0B-B7C658FE7287}.Debug|Any CPU.Build.0 = Debug|Any CPU
		{0431B8EB-6BFE-45BA-9F0B-B7C658FE7287}.Release|Any CPU.ActiveCfg = Release|Any CPU
		{0431B8EB-6BFE-45BA-9F0B-B7C658FE7287}.Release|Any CPU.Build.0 = Release|Any CPU
		{7C287E95-2F7D-484D-9492-B60B45229516}.Debug|Any CPU.ActiveCfg = Debug|Any CPU
		{7C287E95-2F7D-484D-9492-B60B45229516}.Debug|Any CPU.Build.0 = Debug|Any CPU
		{7C287E95-2F7D-484D-9492-B60B45229516}.Release|Any CPU.ActiveCfg = Release|Any CPU
		{7C287E95-2F7D-484D-9492-B60B45229516}.Release|Any CPU.Build.0 = Release|Any CPU
		{486A8E2D-939E-42FC-A298-4F368EF453CF}.Debug|Any CPU.ActiveCfg = Debug|Any CPU
		{486A8E2D-939E-42FC-A298-4F368EF453CF}.Debug|Any CPU.Build.0 = Debug|Any CPU
		{486A8E2D-939E-42FC-A298-4F368EF453CF}.Release|Any CPU.ActiveCfg = Release|Any CPU
		{486A8E2D-939E-42FC-A298-4F368EF453CF}.Release|Any CPU.Build.0 = Release|Any CPU
	EndGlobalSection
	GlobalSection(SolutionProperties) = preSolution
		HideSolutionNode = FALSE
	EndGlobalSection
	GlobalSection(ExtensibilityGlobals) = postSolution
		SolutionGuid = {1BAB72AF-208C-484E-B02C-51644391A1C7}
	EndGlobalSection
EndGlobal
